
Microsoft Visual Studio Solution File, Format Version 12.00
# Visual Studio Version 17
VisualStudioVersion = 17.6.33723.286
MinimumVisualStudioVersion = 10.0.40219.1
Project("{FAE04EC0-301F-11D3-BF4B-00C04F79EFBC}") = "Enum03", "Enum03\Enum03.csproj", "{0D3626ED-3E52-4083-BBCB-9D109BBDC70B}"
EndProject
Global
	GlobalSection(SolutionConfigurationPlatforms) = preSolution
		Debug|Any CPU = Debug|Any CPU
		Release|Any CPU = Release|Any CPU
	EndGlobalSection
	GlobalSection(ProjectConfigurationPlatforms) = postSolution
		{0D3626ED-3E52-4083-BBCB-9D109BBDC70B}.Debug|Any CPU.ActiveCfg = Debug|Any CPU
		{0D3626ED-3E52-4083-BBCB-9D109BBDC70B}.Debug|Any CPU.Build.0 = Debug|Any CPU
		{0D3626ED-3E52-4083-BBCB-9D109BBDC70B}.Release|Any CPU.ActiveCfg = Release|Any CPU
		{0D3626ED-3E52-4083-BBCB-9D109BBDC70B}.Release|Any CPU.Build.0 = Release|Any CPU
	EndGlobalSection
	GlobalSection(SolutionProperties) = preSolution
		HideSolutionNode = FALSE
	EndGlobalSection
	GlobalSection(ExtensibilityGlobals) = postSolution
		SolutionGuid = {BB6FC2EC-55B9-4941-82E3-5444531D3FA2}
	EndGlobalSection
EndGlobal
